
Microsoft Visual Studio Solution File, Format Version 12.00
# Visual Studio Version 16
Project("{8BC9CEB8-8B4A-11D0-8D11-00A0C91BC942}") = "ALL_BUILD", "ALL_BUILD.vcxproj", "{DD8D8195-6A65-3CCF-BE6B-439EC08B4707}"
	ProjectSection(ProjectDependencies) = postProject
		{28CD2D61-84B5-3987-A2C8-235231914EE5} = {28CD2D61-84B5-3987-A2C8-235231914EE5}
		{4335BAA5-1218-3126-BB0D-D5ECA43647F1} = {4335BAA5-1218-3126-BB0D-D5ECA43647F1}
		{59867EAB-9BC9-3555-8C1B-5BC0473709F0} = {59867EAB-9BC9-3555-8C1B-5BC0473709F0}
		{D1FF54AF-0230-30BE-B322-15EE1615E141} = {D1FF54AF-0230-30BE-B322-15EE1615E141}
		{22BA9554-23AC-3E74-A30A-E500A30BFB55} = {22BA9554-23AC-3E74-A30A-E500A30BFB55}
		{396F5369-8058-3E78-8747-0A29072DA10A} = {396F5369-8058-3E78-8747-0A29072DA10A}
		{DDD51FDD-14CB-32B3-B19F-837B308420AE} = {DDD51FDD-14CB-32B3-B19F-837B308420AE}
		{F203D15A-5838-3B33-A57C-BCA4C13D862C} = {F203D15A-5838-3B33-A57C-BCA4C13D862C}
		{59E1FBF0-5267-322D-844F-A28F9C73E97A} = {59E1FBF0-5267-322D-844F-A28F9C73E97A}
		{CA19977A-6D69-3F90-9ECD-6002482732AB} = {CA19977A-6D69-3F90-9ECD-6002482732AB}
		{5183F299-D154-33E8-AE44-D4FB170ED432} = {5183F299-D154-33E8-AE44-D4FB170ED432}
		{87F7F356-9879-37D6-876B-FBE15E862E94} = {87F7F356-9879-37D6-876B-FBE15E862E94}
		{7BD898CE-C387-3128-B8E6-A6F78CC0C9A2} = {7BD898CE-C387-3128-B8E6-A6F78CC0C9A2}
		{F461B7E4-DD40-3062-BB4A-764488BC3652} = {F461B7E4-DD40-3062-BB4A-764488BC3652}
		{E844BB9D-4627-344A-8A3D-CC7154461345} = {E844BB9D-4627-344A-8A3D-CC7154461345}
		{33E59278-1BC5-33A4-9412-8347FB4C6FDC} = {33E59278-1BC5-33A4-9412-8347FB4C6FDC}
		{0CEC8008-10C6-3E6A-96DC-20F4A31933E4} = {0CEC8008-10C6-3E6A-96DC-20F4A31933E4}
		{93C110A4-CCF4-34D7-892D-F6DCAE21BA31} = {93C110A4-CCF4-34D7-892D-F6DCAE21BA31}
		{2FB7C401-B363-334A-9ECD-9C1FE0E0FE71} = {2FB7C401-B363-334A-9ECD-9C1FE0E0FE71}
		{3E1BEAC4-149E-3C9B-B40A-62A144611B56} = {3E1BEAC4-149E-3C9B-B40A-62A144611B56}
		{CB359DFD-32DF-33EE-B56D-D5A6AE06ED43} = {CB359DFD-32DF-33EE-B56D-D5A6AE06ED43}
		{A66F15B2-C410-3678-BD6B-137542B5E4C0} = {A66F15B2-C410-3678-BD6B-137542B5E4C0}
		{355BCDDF-1B14-3709-A328-0ED814502200} = {355BCDDF-1B14-3709-A328-0ED814502200}
		{2EB45A90-20CA-3FD7-BC46-109AEFD2C3C4} = {2EB45A90-20CA-3FD7-BC46-109AEFD2C3C4}
		{F61F7586-91DE-30D3-8C16-0ED2C5F2E146} = {F61F7586-91DE-30D3-8C16-0ED2C5F2E146}
		{8325651D-4653-30BA-8297-AD156AFFBE43} = {8325651D-4653-30BA-8297-AD156AFFBE43}
		{BF4D7C13-FEB4-3160-8754-A7E4719274DD} = {BF4D7C13-FEB4-3160-8754-A7E4719274DD}
		{A8A56629-81B8-3881-AF42-6DFEAEB987EE} = {A8A56629-81B8-3881-AF42-6DFEAEB987EE}
		{8E225740-8643-34B7-A6AE-D829CDD2D01E} = {8E225740-8643-34B7-A6AE-D829CDD2D01E}
		{40E2EAAF-D36F-3D98-A479-AD2139D92AF8} = {40E2EAAF-D36F-3D98-A479-AD2139D92AF8}
		{5E089A32-4F7B-354A-B9B1-8AEF56A2A8A2} = {5E089A32-4F7B-354A-B9B1-8AEF56A2A8A2}
		{A7BD8195-E9B5-3237-AB46-8148E39C4213} = {A7BD8195-E9B5-3237-AB46-8148E39C4213}
		{7A59DAAA-F1DE-3C24-B032-4168CE2BCCE9} = {7A59DAAA-F1DE-3C24-B032-4168CE2BCCE9}
		{2F2D4CEC-1731-30E4-8399-8A3E4B25E710} = {2F2D4CEC-1731-30E4-8399-8A3E4B25E710}
		{FA1DBAA5-D88F-3AD6-A119-8252791579E0} = {FA1DBAA5-D88F-3AD6-A119-8252791579E0}
	EndProjectSection
EndProject
Project("{8BC9CEB8-8B4A-11D0-8D11-00A0C91BC942}") = "ZERO_CHECK", "ZERO_CHECK.vcxproj", "{28CD2D61-84B5-3987-A2C8-235231914EE5}"
	ProjectSection(ProjectDependencies) = postProject
	EndProjectSection
EndProject
Project("{8BC9CEB8-8B4A-11D0-8D11-00A0C91BC942}") = "optixBuffersOfBuffers", "optixBuffersOfBuffers\optixBuffersOfBuffers.vcxproj", "{4335BAA5-1218-3126-BB0D-D5ECA43647F1}"
	ProjectSection(ProjectDependencies) = postProject
		{28CD2D61-84B5-3987-A2C8-235231914EE5} = {28CD2D61-84B5-3987-A2C8-235231914EE5}
		{FA1DBAA5-D88F-3AD6-A119-8252791579E0} = {FA1DBAA5-D88F-3AD6-A119-8252791579E0}
	EndProjectSection
EndProject
Project("{8BC9CEB8-8B4A-11D0-8D11-00A0C91BC942}") = "optixCallablePrograms", "optixCallablePrograms\optixCallablePrograms.vcxproj", "{59867EAB-9BC9-3555-8C1B-5BC0473709F0}"
	ProjectSection(ProjectDependencies) = postProject
		{28CD2D61-84B5-3987-A2C8-235231914EE5} = {28CD2D61-84B5-3987-A2C8-235231914EE5}
		{FA1DBAA5-D88F-3AD6-A119-8252791579E0} = {FA1DBAA5-D88F-3AD6-A119-8252791579E0}
	EndProjectSection
EndProject
Project("{8BC9CEB8-8B4A-11D0-8D11-00A0C91BC942}") = "optixCompressedTexture", "optixCompressedTexture\optixCompressedTexture.vcxproj", "{D1FF54AF-0230-30BE-B322-15EE1615E141}"
	ProjectSection(ProjectDependencies) = postProject
		{28CD2D61-84B5-3987-A2C8-235231914EE5} = {28CD2D61-84B5-3987-A2C8-235231914EE5}
		{FA1DBAA5-D88F-3AD6-A119-8252791579E0} = {FA1DBAA5-D88F-3AD6-A119-8252791579E0}
	EndProjectSection
EndProject
Project("{8BC9CEB8-8B4A-11D0-8D11-00A0C91BC942}") = "optixConsole", "optixConsole\optixConsole.vcxproj", "{22BA9554-23AC-3E74-A30A-E500A30BFB55}"
	ProjectSection(ProjectDependencies) = postProject
		{28CD2D61-84B5-3987-A2C8-235231914EE5} = {28CD2D61-84B5-3987-A2C8-235231914EE5}
		{FA1DBAA5-D88F-3AD6-A119-8252791579E0} = {FA1DBAA5-D88F-3AD6-A119-8252791579E0}
	EndProjectSection
EndProject
Project("{8BC9CEB8-8B4A-11D0-8D11-00A0C91BC942}") = "optixDemandLoadBuffer", "optixDemandLoadBuffer\optixDemandLoadBuffer.vcxproj", "{396F5369-8058-3E78-8747-0A29072DA10A}"
	ProjectSection(ProjectDependencies) = postProject
		{28CD2D61-84B5-3987-A2C8-235231914EE5} = {28CD2D61-84B5-3987-A2C8-235231914EE5}
		{FA1DBAA5-D88F-3AD6-A119-8252791579E0} = {FA1DBAA5-D88F-3AD6-A119-8252791579E0}
	EndProjectSection
EndProject
Project("{8BC9CEB8-8B4A-11D0-8D11-00A0C91BC942}") = "optixDemandLoadTexture", "optixDemandLoadTexture\optixDemandLoadTexture.vcxproj", "{DDD51FDD-14CB-32B3-B19F-837B308420AE}"
	ProjectSection(ProjectDependencies) = postProject
		{28CD2D61-84B5-3987-A2C8-235231914EE5} = {28CD2D61-84B5-3987-A2C8-235231914EE5}
		{FA1DBAA5-D88F-3AD6-A119-8252791579E0} = {FA1DBAA5-D88F-3AD6-A119-8252791579E0}
	EndProjectSection
EndProject
Project("{8BC9CEB8-8B4A-11D0-8D11-00A0C91BC942}") = "optixDenoiser", "optixDenoiser\optixDenoiser.vcxproj", "{F203D15A-5838-3B33-A57C-BCA4C13D862C}"
	ProjectSection(ProjectDependencies) = postProject
		{28CD2D61-84B5-3987-A2C8-235231914EE5} = {28CD2D61-84B5-3987-A2C8-235231914EE5}
		{FA1DBAA5-D88F-3AD6-A119-8252791579E0} = {FA1DBAA5-D88F-3AD6-A119-8252791579E0}
	EndProjectSection
EndProject
Project("{8BC9CEB8-8B4A-11D0-8D11-00A0C91BC942}") = "optixDeviceQuery", "optixDeviceQuery\optixDeviceQuery.vcxproj", "{59E1FBF0-5267-322D-844F-A28F9C73E97A}"
	ProjectSection(ProjectDependencies) = postProject
		{28CD2D61-84B5-3987-A2C8-235231914EE5} = {28CD2D61-84B5-3987-A2C8-235231914EE5}
		{FA1DBAA5-D88F-3AD6-A119-8252791579E0} = {FA1DBAA5-D88F-3AD6-A119-8252791579E0}
	EndProjectSection
EndProject
Project("{8BC9CEB8-8B4A-11D0-8D11-00A0C91BC942}") = "optixDynamicGeometry", "optixDynamicGeometry\optixDynamicGeometry.vcxproj", "{CA19977A-6D69-3F90-9ECD-6002482732AB}"
	ProjectSection(ProjectDependencies) = postProject
		{28CD2D61-84B5-3987-A2C8-235231914EE5} = {28CD2D61-84B5-3987-A2C8-235231914EE5}
		{FA1DBAA5-D88F-3AD6-A119-8252791579E0} = {FA1DBAA5-D88F-3AD6-A119-8252791579E0}
	EndProjectSection
EndProject
Project("{8BC9CEB8-8B4A-11D0-8D11-00A0C91BC942}") = "optixGeometryTriangles", "optixGeometryTriangles\optixGeometryTriangles.vcxproj", "{5183F299-D154-33E8-AE44-D4FB170ED432}"
	ProjectSection(ProjectDependencies) = postProject
		{28CD2D61-84B5-3987-A2C8-235231914EE5} = {28CD2D61-84B5-3987-A2C8-235231914EE5}
		{FA1DBAA5-D88F-3AD6-A119-8252791579E0} = {FA1DBAA5-D88F-3AD6-A119-8252791579E0}
	EndProjectSection
EndProject
Project("{8BC9CEB8-8B4A-11D0-8D11-00A0C91BC942}") = "optixHello", "optixHello\optixHello.vcxproj", "{87F7F356-9879-37D6-876B-FBE15E862E94}"
	ProjectSection(ProjectDependencies) = postProject
		{28CD2D61-84B5-3987-A2C8-235231914EE5} = {28CD2D61-84B5-3987-A2C8-235231914EE5}
		{FA1DBAA5-D88F-3AD6-A119-8252791579E0} = {FA1DBAA5-D88F-3AD6-A119-8252791579E0}
	EndProjectSection
EndProject
Project("{8BC9CEB8-8B4A-11D0-8D11-00A0C91BC942}") = "optixInstancing", "optixInstancing\optixInstancing.vcxproj", "{7BD898CE-C387-3128-B8E6-A6F78CC0C9A2}"
	ProjectSection(ProjectDependencies) = postProject
		{28CD2D61-84B5-3987-A2C8-235231914EE5} = {28CD2D61-84B5-3987-A2C8-235231914EE5}
		{FA1DBAA5-D88F-3AD6-A119-8252791579E0} = {FA1DBAA5-D88F-3AD6-A119-8252791579E0}
	EndProjectSection
EndProject
Project("{8BC9CEB8-8B4A-11D0-8D11-00A0C91BC942}") = "optixMDLDisplacement", "optixMDLDisplacement\optixMDLDisplacement.vcxproj", "{F461B7E4-DD40-3062-BB4A-764488BC3652}"
	ProjectSection(ProjectDependencies) = postProject
		{28CD2D61-84B5-3987-A2C8-235231914EE5} = {28CD2D61-84B5-3987-A2C8-235231914EE5}
		{FA1DBAA5-D88F-3AD6-A119-8252791579E0} = {FA1DBAA5-D88F-3AD6-A119-8252791579E0}
	EndProjectSection
EndProject
Project("{8BC9CEB8-8B4A-11D0-8D11-00A0C91BC942}") = "optixMDLExpressions", "optixMDLExpressions\optixMDLExpressions.vcxproj", "{E844BB9D-4627-344A-8A3D-CC7154461345}"
	ProjectSection(ProjectDependencies) = postProject
		{28CD2D61-84B5-3987-A2C8-235231914EE5} = {28CD2D61-84B5-3987-A2C8-235231914EE5}
		{FA1DBAA5-D88F-3AD6-A119-8252791579E0} = {FA1DBAA5-D88F-3AD6-A119-8252791579E0}
	EndProjectSection
EndProject
Project("{8BC9CEB8-8B4A-11D0-8D11-00A0C91BC942}") = "optixMDLSphere", "optixMDLSphere\optixMDLSphere.vcxproj", "{33E59278-1BC5-33A4-9412-8347FB4C6FDC}"
	ProjectSection(ProjectDependencies) = postProject
		{28CD2D61-84B5-3987-A2C8-235231914EE5} = {28CD2D61-84B5-3987-A2C8-235231914EE5}
		{FA1DBAA5-D88F-3AD6-A119-8252791579E0} = {FA1DBAA5-D88F-3AD6-A119-8252791579E0}
	EndProjectSection
EndProject
Project("{8BC9CEB8-8B4A-11D0-8D11-00A0C91BC942}") = "optixMeshViewer", "optixMeshViewer\optixMeshViewer.vcxproj", "{0CEC8008-10C6-3E6A-96DC-20F4A31933E4}"
	ProjectSection(ProjectDependencies) = postProject
		{28CD2D61-84B5-3987-A2C8-235231914EE5} = {28CD2D61-84B5-3987-A2C8-235231914EE5}
		{FA1DBAA5-D88F-3AD6-A119-8252791579E0} = {FA1DBAA5-D88F-3AD6-A119-8252791579E0}
	EndProjectSection
EndProject
Project("{8BC9CEB8-8B4A-11D0-8D11-00A0C91BC942}") = "optixMotionBlur", "optixMotionBlur\optixMotionBlur.vcxproj", "{93C110A4-CCF4-34D7-892D-F6DCAE21BA31}"
	ProjectSection(ProjectDependencies) = postProject
		{28CD2D61-84B5-3987-A2C8-235231914EE5} = {28CD2D61-84B5-3987-A2C8-235231914EE5}
		{FA1DBAA5-D88F-3AD6-A119-8252791579E0} = {FA1DBAA5-D88F-3AD6-A119-8252791579E0}
	EndProjectSection
EndProject
Project("{8BC9CEB8-8B4A-11D0-8D11-00A0C91BC942}") = "optixParticles", "optixParticles\optixParticles.vcxproj", "{2FB7C401-B363-334A-9ECD-9C1FE0E0FE71}"
	ProjectSection(ProjectDependencies) = postProject
		{28CD2D61-84B5-3987-A2C8-235231914EE5} = {28CD2D61-84B5-3987-A2C8-235231914EE5}
		{FA1DBAA5-D88F-3AD6-A119-8252791579E0} = {FA1DBAA5-D88F-3AD6-A119-8252791579E0}
	EndProjectSection
EndProject
Project("{8BC9CEB8-8B4A-11D0-8D11-00A0C91BC942}") = "optixPathTracer", "optixPathTracer\optixPathTracer.vcxproj", "{3E1BEAC4-149E-3C9B-B40A-62A144611B56}"
	ProjectSection(ProjectDependencies) = postProject
		{28CD2D61-84B5-3987-A2C8-235231914EE5} = {28CD2D61-84B5-3987-A2C8-235231914EE5}
		{FA1DBAA5-D88F-3AD6-A119-8252791579E0} = {FA1DBAA5-D88F-3AD6-A119-8252791579E0}
	EndProjectSection
EndProject
Project("{8BC9CEB8-8B4A-11D0-8D11-00A0C91BC942}") = "optixPathTracerTiled", "optixPathTracerTiled\optixPathTracerTiled.vcxproj", "{CB359DFD-32DF-33EE-B56D-D5A6AE06ED43}"
	ProjectSection(ProjectDependencies) = postProject
		{28CD2D61-84B5-3987-A2C8-235231914EE5} = {28CD2D61-84B5-3987-A2C8-235231914EE5}
		{FA1DBAA5-D88F-3AD6-A119-8252791579E0} = {FA1DBAA5-D88F-3AD6-A119-8252791579E0}
	EndProjectSection
EndProject
Project("{8BC9CEB8-8B4A-11D0-8D11-00A0C91BC942}") = "optixPrimitiveIndexOffsets", "optixPrimitiveIndexOffsets\optixPrimitiveIndexOffsets.vcxproj", "{A66F15B2-C410-3678-BD6B-137542B5E4C0}"
	ProjectSection(ProjectDependencies) = postProject
		{28CD2D61-84B5-3987-A2C8-235231914EE5} = {28CD2D61-84B5-3987-A2C8-235231914EE5}
		{FA1DBAA5-D88F-3AD6-A119-8252791579E0} = {FA1DBAA5-D88F-3AD6-A119-8252791579E0}
	EndProjectSection
EndProject
Project("{8BC9CEB8-8B4A-11D0-8D11-00A0C91BC942}") = "optixRaycasting", "optixRaycasting\optixRaycasting.vcxproj", "{355BCDDF-1B14-3709-A328-0ED814502200}"
	ProjectSection(ProjectDependencies) = postProject
		{28CD2D61-84B5-3987-A2C8-235231914EE5} = {28CD2D61-84B5-3987-A2C8-235231914EE5}
		{FA1DBAA5-D88F-3AD6-A119-8252791579E0} = {FA1DBAA5-D88F-3AD6-A119-8252791579E0}
	EndProjectSection
EndProject
Project("{8BC9CEB8-8B4A-11D0-8D11-00A0C91BC942}") = "optixSphere", "optixSphere\optixSphere.vcxproj", "{2EB45A90-20CA-3FD7-BC46-109AEFD2C3C4}"
	ProjectSection(ProjectDependencies) = postProject
		{28CD2D61-84B5-3987-A2C8-235231914EE5} = {28CD2D61-84B5-3987-A2C8-235231914EE5}
		{FA1DBAA5-D88F-3AD6-A119-8252791579E0} = {FA1DBAA5-D88F-3AD6-A119-8252791579E0}
	EndProjectSection
EndProject
Project("{8BC9CEB8-8B4A-11D0-8D11-00A0C91BC942}") = "optixSpherePP", "optixSpherePP\optixSpherePP.vcxproj", "{F61F7586-91DE-30D3-8C16-0ED2C5F2E146}"
	ProjectSection(ProjectDependencies) = postProject
		{28CD2D61-84B5-3987-A2C8-235231914EE5} = {28CD2D61-84B5-3987-A2C8-235231914EE5}
		{FA1DBAA5-D88F-3AD6-A119-8252791579E0} = {FA1DBAA5-D88F-3AD6-A119-8252791579E0}
	EndProjectSection
EndProject
Project("{8BC9CEB8-8B4A-11D0-8D11-00A0C91BC942}") = "optixTextureSampler", "optixTextureSampler\optixTextureSampler.vcxproj", "{8325651D-4653-30BA-8297-AD156AFFBE43}"
	ProjectSection(ProjectDependencies) = postProject
		{28CD2D61-84B5-3987-A2C8-235231914EE5} = {28CD2D61-84B5-3987-A2C8-235231914EE5}
		{FA1DBAA5-D88F-3AD6-A119-8252791579E0} = {FA1DBAA5-D88F-3AD6-A119-8252791579E0}
	EndProjectSection
EndProject
Project("{8BC9CEB8-8B4A-11D0-8D11-00A0C91BC942}") = "optixTutorial", "optixTutorial\optixTutorial.vcxproj", "{BF4D7C13-FEB4-3160-8754-A7E4719274DD}"
	ProjectSection(ProjectDependencies) = postProject
		{28CD2D61-84B5-3987-A2C8-235231914EE5} = {28CD2D61-84B5-3987-A2C8-235231914EE5}
		{FA1DBAA5-D88F-3AD6-A119-8252791579E0} = {FA1DBAA5-D88F-3AD6-A119-8252791579E0}
	EndProjectSection
EndProject
Project("{8BC9CEB8-8B4A-11D0-8D11-00A0C91BC942}") = "optixWhitted", "optixWhitted\optixWhitted.vcxproj", "{A8A56629-81B8-3881-AF42-6DFEAEB987EE}"
	ProjectSection(ProjectDependencies) = postProject
		{28CD2D61-84B5-3987-A2C8-235231914EE5} = {28CD2D61-84B5-3987-A2C8-235231914EE5}
		{FA1DBAA5-D88F-3AD6-A119-8252791579E0} = {FA1DBAA5-D88F-3AD6-A119-8252791579E0}
	EndProjectSection
EndProject
Project("{8BC9CEB8-8B4A-11D0-8D11-00A0C91BC942}") = "primeInstancing", "primeInstancing\primeInstancing.vcxproj", "{8E225740-8643-34B7-A6AE-D829CDD2D01E}"
	ProjectSection(ProjectDependencies) = postProject
		{28CD2D61-84B5-3987-A2C8-235231914EE5} = {28CD2D61-84B5-3987-A2C8-235231914EE5}
		{FA1DBAA5-D88F-3AD6-A119-8252791579E0} = {FA1DBAA5-D88F-3AD6-A119-8252791579E0}
	EndProjectSection
EndProject
Project("{8BC9CEB8-8B4A-11D0-8D11-00A0C91BC942}") = "primeMasking", "primeMasking\primeMasking.vcxproj", "{40E2EAAF-D36F-3D98-A479-AD2139D92AF8}"
	ProjectSection(ProjectDependencies) = postProject
		{28CD2D61-84B5-3987-A2C8-235231914EE5} = {28CD2D61-84B5-3987-A2C8-235231914EE5}
		{FA1DBAA5-D88F-3AD6-A119-8252791579E0} = {FA1DBAA5-D88F-3AD6-A119-8252791579E0}
	EndProjectSection
EndProject
Project("{8BC9CEB8-8B4A-11D0-8D11-00A0C91BC942}") = "primeMultiBuffering", "primeMultiBuffering\primeMultiBuffering.vcxproj", "{5E089A32-4F7B-354A-B9B1-8AEF56A2A8A2}"
	ProjectSection(ProjectDependencies) = postProject
		{28CD2D61-84B5-3987-A2C8-235231914EE5} = {28CD2D61-84B5-3987-A2C8-235231914EE5}
		{FA1DBAA5-D88F-3AD6-A119-8252791579E0} = {FA1DBAA5-D88F-3AD6-A119-8252791579E0}
	EndProjectSection
EndProject
Project("{8BC9CEB8-8B4A-11D0-8D11-00A0C91BC942}") = "primeMultiGpu", "primeMultiGpu\primeMultiGpu.vcxproj", "{A7BD8195-E9B5-3237-AB46-8148E39C4213}"
	ProjectSection(ProjectDependencies) = postProject
		{28CD2D61-84B5-3987-A2C8-235231914EE5} = {28CD2D61-84B5-3987-A2C8-235231914EE5}
		{FA1DBAA5-D88F-3AD6-A119-8252791579E0} = {FA1DBAA5-D88F-3AD6-A119-8252791579E0}
	EndProjectSection
EndProject
Project("{8BC9CEB8-8B4A-11D0-8D11-00A0C91BC942}") = "primeSimple", "primeSimple\primeSimple.vcxproj", "{7A59DAAA-F1DE-3C24-B032-4168CE2BCCE9}"
	ProjectSection(ProjectDependencies) = postProject
		{28CD2D61-84B5-3987-A2C8-235231914EE5} = {28CD2D61-84B5-3987-A2C8-235231914EE5}
		{FA1DBAA5-D88F-3AD6-A119-8252791579E0} = {FA1DBAA5-D88F-3AD6-A119-8252791579E0}
	EndProjectSection
EndProject
Project("{8BC9CEB8-8B4A-11D0-8D11-00A0C91BC942}") = "primeSimplePP", "primeSimplePP\primeSimplePP.vcxproj", "{2F2D4CEC-1731-30E4-8399-8A3E4B25E710}"
	ProjectSection(ProjectDependencies) = postProject
		{28CD2D61-84B5-3987-A2C8-235231914EE5} = {28CD2D61-84B5-3987-A2C8-235231914EE5}
		{FA1DBAA5-D88F-3AD6-A119-8252791579E0} = {FA1DBAA5-D88F-3AD6-A119-8252791579E0}
	EndProjectSection
EndProject
Project("{8BC9CEB8-8B4A-11D0-8D11-00A0C91BC942}") = "sutil_sdk", "sutil\sutil_sdk.vcxproj", "{FA1DBAA5-D88F-3AD6-A119-8252791579E0}"
	ProjectSection(ProjectDependencies) = postProject
		{28CD2D61-84B5-3987-A2C8-235231914EE5} = {28CD2D61-84B5-3987-A2C8-235231914EE5}
	EndProjectSection
EndProject
Global
	GlobalSection(SolutionConfigurationPlatforms) = preSolution
		Debug|x64 = Debug|x64
		Release|x64 = Release|x64
		MinSizeRel|x64 = MinSizeRel|x64
		RelWithDebInfo|x64 = RelWithDebInfo|x64
	EndGlobalSection
	GlobalSection(ProjectConfigurationPlatforms) = postSolution
		{DD8D8195-6A65-3CCF-BE6B-439EC08B4707}.Debug|x64.ActiveCfg = Debug|x64
		{DD8D8195-6A65-3CCF-BE6B-439EC08B4707}.Release|x64.ActiveCfg = Release|x64
		{DD8D8195-6A65-3CCF-BE6B-439EC08B4707}.MinSizeRel|x64.ActiveCfg = MinSizeRel|x64
		{DD8D8195-6A65-3CCF-BE6B-439EC08B4707}.RelWithDebInfo|x64.ActiveCfg = RelWithDebInfo|x64
		{28CD2D61-84B5-3987-A2C8-235231914EE5}.Debug|x64.ActiveCfg = Debug|x64
		{28CD2D61-84B5-3987-A2C8-235231914EE5}.Debug|x64.Build.0 = Debug|x64
		{28CD2D61-84B5-3987-A2C8-235231914EE5}.Release|x64.ActiveCfg = Release|x64
		{28CD2D61-84B5-3987-A2C8-235231914EE5}.Release|x64.Build.0 = Release|x64
		{28CD2D61-84B5-3987-A2C8-235231914EE5}.MinSizeRel|x64.ActiveCfg = MinSizeRel|x64
		{28CD2D61-84B5-3987-A2C8-235231914EE5}.MinSizeRel|x64.Build.0 = MinSizeRel|x64
		{28CD2D61-84B5-3987-A2C8-235231914EE5}.RelWithDebInfo|x64.ActiveCfg = RelWithDebInfo|x64
		{28CD2D61-84B5-3987-A2C8-235231914EE5}.RelWithDebInfo|x64.Build.0 = RelWithDebInfo|x64
		{4335BAA5-1218-3126-BB0D-D5ECA43647F1}.Debug|x64.ActiveCfg = Debug|x64
		{4335BAA5-1218-3126-BB0D-D5ECA43647F1}.Debug|x64.Build.0 = Debug|x64
		{4335BAA5-1218-3126-BB0D-D5ECA43647F1}.Release|x64.ActiveCfg = Release|x64
		{4335BAA5-1218-3126-BB0D-D5ECA43647F1}.Release|x64.Build.0 = Release|x64
		{4335BAA5-1218-3126-BB0D-D5ECA43647F1}.MinSizeRel|x64.ActiveCfg = MinSizeRel|x64
		{4335BAA5-1218-3126-BB0D-D5ECA43647F1}.MinSizeRel|x64.Build.0 = MinSizeRel|x64
		{4335BAA5-1218-3126-BB0D-D5ECA43647F1}.RelWithDebInfo|x64.ActiveCfg = RelWithDebInfo|x64
		{4335BAA5-1218-3126-BB0D-D5ECA43647F1}.RelWithDebInfo|x64.Build.0 = RelWithDebInfo|x64
		{59867EAB-9BC9-3555-8C1B-5BC0473709F0}.Debug|x64.ActiveCfg = Debug|x64
		{59867EAB-9BC9-3555-8C1B-5BC0473709F0}.Debug|x64.Build.0 = Debug|x64
		{59867EAB-9BC9-3555-8C1B-5BC0473709F0}.Release|x64.ActiveCfg = Release|x64
		{59867EAB-9BC9-3555-8C1B-5BC0473709F0}.Release|x64.Build.0 = Release|x64
		{59867EAB-9BC9-3555-8C1B-5BC0473709F0}.MinSizeRel|x64.ActiveCfg = MinSizeRel|x64
		{59867EAB-9BC9-3555-8C1B-5BC0473709F0}.MinSizeRel|x64.Build.0 = MinSizeRel|x64
		{59867EAB-9BC9-3555-8C1B-5BC0473709F0}.RelWithDebInfo|x64.ActiveCfg = RelWithDebInfo|x64
		{59867EAB-9BC9-3555-8C1B-5BC0473709F0}.RelWithDebInfo|x64.Build.0 = RelWithDebInfo|x64
		{D1FF54AF-0230-30BE-B322-15EE1615E141}.Debug|x64.ActiveCfg = Debug|x64
		{D1FF54AF-0230-30BE-B322-15EE1615E141}.Debug|x64.Build.0 = Debug|x64
		{D1FF54AF-0230-30BE-B322-15EE1615E141}.Release|x64.ActiveCfg = Release|x64
		{D1FF54AF-0230-30BE-B322-15EE1615E141}.Release|x64.Build.0 = Release|x64
		{D1FF54AF-0230-30BE-B322-15EE1615E141}.MinSizeRel|x64.ActiveCfg = MinSizeRel|x64
		{D1FF54AF-0230-30BE-B322-15EE1615E141}.MinSizeRel|x64.Build.0 = MinSizeRel|x64
		{D1FF54AF-0230-30BE-B322-15EE1615E141}.RelWithDebInfo|x64.ActiveCfg = RelWithDebInfo|x64
		{D1FF54AF-0230-30BE-B322-15EE1615E141}.RelWithDebInfo|x64.Build.0 = RelWithDebInfo|x64
		{22BA9554-23AC-3E74-A30A-E500A30BFB55}.Debug|x64.ActiveCfg = Debug|x64
		{22BA9554-23AC-3E74-A30A-E500A30BFB55}.Debug|x64.Build.0 = Debug|x64
		{22BA9554-23AC-3E74-A30A-E500A30BFB55}.Release|x64.ActiveCfg = Release|x64
		{22BA9554-23AC-3E74-A30A-E500A30BFB55}.Release|x64.Build.0 = Release|x64
		{22BA9554-23AC-3E74-A30A-E500A30BFB55}.MinSizeRel|x64.ActiveCfg = MinSizeRel|x64
		{22BA9554-23AC-3E74-A30A-E500A30BFB55}.MinSizeRel|x64.Build.0 = MinSizeRel|x64
		{22BA9554-23AC-3E74-A30A-E500A30BFB55}.RelWithDebInfo|x64.ActiveCfg = RelWithDebInfo|x64
		{22BA9554-23AC-3E74-A30A-E500A30BFB55}.RelWithDebInfo|x64.Build.0 = RelWithDebInfo|x64
		{396F5369-8058-3E78-8747-0A29072DA10A}.Debug|x64.ActiveCfg = Debug|x64
		{396F5369-8058-3E78-8747-0A29072DA10A}.Debug|x64.Build.0 = Debug|x64
		{396F5369-8058-3E78-8747-0A29072DA10A}.Release|x64.ActiveCfg = Release|x64
		{396F5369-8058-3E78-8747-0A29072DA10A}.Release|x64.Build.0 = Release|x64
		{396F5369-8058-3E78-8747-0A29072DA10A}.MinSizeRel|x64.ActiveCfg = MinSizeRel|x64
		{396F5369-8058-3E78-8747-0A29072DA10A}.MinSizeRel|x64.Build.0 = MinSizeRel|x64
		{396F5369-8058-3E78-8747-0A29072DA10A}.RelWithDebInfo|x64.ActiveCfg = RelWithDebInfo|x64
		{396F5369-8058-3E78-8747-0A29072DA10A}.RelWithDebInfo|x64.Build.0 = RelWithDebInfo|x64
		{DDD51FDD-14CB-32B3-B19F-837B308420AE}.Debug|x64.ActiveCfg = Debug|x64
		{DDD51FDD-14CB-32B3-B19F-837B308420AE}.Debug|x64.Build.0 = Debug|x64
		{DDD51FDD-14CB-32B3-B19F-837B308420AE}.Release|x64.ActiveCfg = Release|x64
		{DDD51FDD-14CB-32B3-B19F-837B308420AE}.Release|x64.Build.0 = Release|x64
		{DDD51FDD-14CB-32B3-B19F-837B308420AE}.MinSizeRel|x64.ActiveCfg = MinSizeRel|x64
		{DDD51FDD-14CB-32B3-B19F-837B308420AE}.MinSizeRel|x64.Build.0 = MinSizeRel|x64
		{DDD51FDD-14CB-32B3-B19F-837B308420AE}.RelWithDebInfo|x64.ActiveCfg = RelWithDebInfo|x64
		{DDD51FDD-14CB-32B3-B19F-837B308420AE}.RelWithDebInfo|x64.Build.0 = RelWithDebInfo|x64
		{F203D15A-5838-3B33-A57C-BCA4C13D862C}.Debug|x64.ActiveCfg = Debug|x64
		{F203D15A-5838-3B33-A57C-BCA4C13D862C}.Debug|x64.Build.0 = Debug|x64
		{F203D15A-5838-3B33-A57C-BCA4C13D862C}.Release|x64.ActiveCfg = Release|x64
		{F203D15A-5838-3B33-A57C-BCA4C13D862C}.Release|x64.Build.0 = Release|x64
		{F203D15A-5838-3B33-A57C-BCA4C13D862C}.MinSizeRel|x64.ActiveCfg = MinSizeRel|x64
		{F203D15A-5838-3B33-A57C-BCA4C13D862C}.MinSizeRel|x64.Build.0 = MinSizeRel|x64
		{F203D15A-5838-3B33-A57C-BCA4C13D862C}.RelWithDebInfo|x64.ActiveCfg = RelWithDebInfo|x64
		{F203D15A-5838-3B33-A57C-BCA4C13D862C}.RelWithDebInfo|x64.Build.0 = RelWithDebInfo|x64
		{59E1FBF0-5267-322D-844F-A28F9C73E97A}.Debug|x64.ActiveCfg = Debug|x64
		{59E1FBF0-5267-322D-844F-A28F9C73E97A}.Debug|x64.Build.0 = Debug|x64
		{59E1FBF0-5267-322D-844F-A28F9C73E97A}.Release|x64.ActiveCfg = Release|x64
		{59E1FBF0-5267-322D-844F-A28F9C73E97A}.Release|x64.Build.0 = Release|x64
		{59E1FBF0-5267-322D-844F-A28F9C73E97A}.MinSizeRel|x64.ActiveCfg = MinSizeRel|x64
		{59E1FBF0-5267-322D-844F-A28F9C73E97A}.MinSizeRel|x64.Build.0 = MinSizeRel|x64
		{59E1FBF0-5267-322D-844F-A28F9C73E97A}.RelWithDebInfo|x64.ActiveCfg = RelWithDebInfo|x64
		{59E1FBF0-5267-322D-844F-A28F9C73E97A}.RelWithDebInfo|x64.Build.0 = RelWithDebInfo|x64
		{CA19977A-6D69-3F90-9ECD-6002482732AB}.Debug|x64.ActiveCfg = Debug|x64
		{CA19977A-6D69-3F90-9ECD-6002482732AB}.Debug|x64.Build.0 = Debug|x64
		{CA19977A-6D69-3F90-9ECD-6002482732AB}.Release|x64.ActiveCfg = Release|x64
		{CA19977A-6D69-3F90-9ECD-6002482732AB}.Release|x64.Build.0 = Release|x64
		{CA19977A-6D69-3F90-9ECD-6002482732AB}.MinSizeRel|x64.ActiveCfg = MinSizeRel|x64
		{CA19977A-6D69-3F90-9ECD-6002482732AB}.MinSizeRel|x64.Build.0 = MinSizeRel|x64
		{CA19977A-6D69-3F90-9ECD-6002482732AB}.RelWithDebInfo|x64.ActiveCfg = RelWithDebInfo|x64
		{CA19977A-6D69-3F90-9ECD-6002482732AB}.RelWithDebInfo|x64.Build.0 = RelWithDebInfo|x64
		{5183F299-D154-33E8-AE44-D4FB170ED432}.Debug|x64.ActiveCfg = Debug|x64
		{5183F299-D154-33E8-AE44-D4FB170ED432}.Debug|x64.Build.0 = Debug|x64
		{5183F299-D154-33E8-AE44-D4FB170ED432}.Release|x64.ActiveCfg = Release|x64
		{5183F299-D154-33E8-AE44-D4FB170ED432}.Release|x64.Build.0 = Release|x64
		{5183F299-D154-33E8-AE44-D4FB170ED432}.MinSizeRel|x64.ActiveCfg = MinSizeRel|x64
		{5183F299-D154-33E8-AE44-D4FB170ED432}.MinSizeRel|x64.Build.0 = MinSizeRel|x64
		{5183F299-D154-33E8-AE44-D4FB170ED432}.RelWithDebInfo|x64.ActiveCfg = RelWithDebInfo|x64
		{5183F299-D154-33E8-AE44-D4FB170ED432}.RelWithDebInfo|x64.Build.0 = RelWithDebInfo|x64
		{87F7F356-9879-37D6-876B-FBE15E862E94}.Debug|x64.ActiveCfg = Debug|x64
		{87F7F356-9879-37D6-876B-FBE15E862E94}.Debug|x64.Build.0 = Debug|x64
		{87F7F356-9879-37D6-876B-FBE15E862E94}.Release|x64.ActiveCfg = Release|x64
		{87F7F356-9879-37D6-876B-FBE15E862E94}.Release|x64.Build.0 = Release|x64
		{87F7F356-9879-37D6-876B-FBE15E862E94}.MinSizeRel|x64.ActiveCfg = MinSizeRel|x64
		{87F7F356-9879-37D6-876B-FBE15E862E94}.MinSizeRel|x64.Build.0 = MinSizeRel|x64
		{87F7F356-9879-37D6-876B-FBE15E862E94}.RelWithDebInfo|x64.ActiveCfg = RelWithDebInfo|x64
		{87F7F356-9879-37D6-876B-FBE15E862E94}.RelWithDebInfo|x64.Build.0 = RelWithDebInfo|x64
		{7BD898CE-C387-3128-B8E6-A6F78CC0C9A2}.Debug|x64.ActiveCfg = Debug|x64
		{7BD898CE-C387-3128-B8E6-A6F78CC0C9A2}.Debug|x64.Build.0 = Debug|x64
		{7BD898CE-C387-3128-B8E6-A6F78CC0C9A2}.Release|x64.ActiveCfg = Release|x64
		{7BD898CE-C387-3128-B8E6-A6F78CC0C9A2}.Release|x64.Build.0 = Release|x64
		{7BD898CE-C387-3128-B8E6-A6F78CC0C9A2}.MinSizeRel|x64.ActiveCfg = MinSizeRel|x64
		{7BD898CE-C387-3128-B8E6-A6F78CC0C9A2}.MinSizeRel|x64.Build.0 = MinSizeRel|x64
		{7BD898CE-C387-3128-B8E6-A6F78CC0C9A2}.RelWithDebInfo|x64.ActiveCfg = RelWithDebInfo|x64
		{7BD898CE-C387-3128-B8E6-A6F78CC0C9A2}.RelWithDebInfo|x64.Build.0 = RelWithDebInfo|x64
		{F461B7E4-DD40-3062-BB4A-764488BC3652}.Debug|x64.ActiveCfg = Debug|x64
		{F461B7E4-DD40-3062-BB4A-764488BC3652}.Debug|x64.Build.0 = Debug|x64
		{F461B7E4-DD40-3062-BB4A-764488BC3652}.Release|x64.ActiveCfg = Release|x64
		{F461B7E4-DD40-3062-BB4A-764488BC3652}.Release|x64.Build.0 = Release|x64
		{F461B7E4-DD40-3062-BB4A-764488BC3652}.MinSizeRel|x64.ActiveCfg = MinSizeRel|x64
		{F461B7E4-DD40-3062-BB4A-764488BC3652}.MinSizeRel|x64.Build.0 = MinSizeRel|x64
		{F461B7E4-DD40-3062-BB4A-764488BC3652}.RelWithDebInfo|x64.ActiveCfg = RelWithDebInfo|x64
		{F461B7E4-DD40-3062-BB4A-764488BC3652}.RelWithDebInfo|x64.Build.0 = RelWithDebInfo|x64
		{E844BB9D-4627-344A-8A3D-CC7154461345}.Debug|x64.ActiveCfg = Debug|x64
		{E844BB9D-4627-344A-8A3D-CC7154461345}.Debug|x64.Build.0 = Debug|x64
		{E844BB9D-4627-344A-8A3D-CC7154461345}.Release|x64.ActiveCfg = Release|x64
		{E844BB9D-4627-344A-8A3D-CC7154461345}.Release|x64.Build.0 = Release|x64
		{E844BB9D-4627-344A-8A3D-CC7154461345}.MinSizeRel|x64.ActiveCfg = MinSizeRel|x64
		{E844BB9D-4627-344A-8A3D-CC7154461345}.MinSizeRel|x64.Build.0 = MinSizeRel|x64
		{E844BB9D-4627-344A-8A3D-CC7154461345}.RelWithDebInfo|x64.ActiveCfg = RelWithDebInfo|x64
		{E844BB9D-4627-344A-8A3D-CC7154461345}.RelWithDebInfo|x64.Build.0 = RelWithDebInfo|x64
		{33E59278-1BC5-33A4-9412-8347FB4C6FDC}.Debug|x64.ActiveCfg = Debug|x64
		{33E59278-1BC5-33A4-9412-8347FB4C6FDC}.Debug|x64.Build.0 = Debug|x64
		{33E59278-1BC5-33A4-9412-8347FB4C6FDC}.Release|x64.ActiveCfg = Release|x64
		{33E59278-1BC5-33A4-9412-8347FB4C6FDC}.Release|x64.Build.0 = Release|x64
		{33E59278-1BC5-33A4-9412-8347FB4C6FDC}.MinSizeRel|x64.ActiveCfg = MinSizeRel|x64
		{33E59278-1BC5-33A4-9412-8347FB4C6FDC}.MinSizeRel|x64.Build.0 = MinSizeRel|x64
		{33E59278-1BC5-33A4-9412-8347FB4C6FDC}.RelWithDebInfo|x64.ActiveCfg = RelWithDebInfo|x64
		{33E59278-1BC5-33A4-9412-8347FB4C6FDC}.RelWithDebInfo|x64.Build.0 = RelWithDebInfo|x64
		{0CEC8008-10C6-3E6A-96DC-20F4A31933E4}.Debug|x64.ActiveCfg = Debug|x64
		{0CEC8008-10C6-3E6A-96DC-20F4A31933E4}.Debug|x64.Build.0 = Debug|x64
		{0CEC8008-10C6-3E6A-96DC-20F4A31933E4}.Release|x64.ActiveCfg = Release|x64
		{0CEC8008-10C6-3E6A-96DC-20F4A31933E4}.Release|x64.Build.0 = Release|x64
		{0CEC8008-10C6-3E6A-96DC-20F4A31933E4}.MinSizeRel|x64.ActiveCfg = MinSizeRel|x64
		{0CEC8008-10C6-3E6A-96DC-20F4A31933E4}.MinSizeRel|x64.Build.0 = MinSizeRel|x64
		{0CEC8008-10C6-3E6A-96DC-20F4A31933E4}.RelWithDebInfo|x64.ActiveCfg = RelWithDebInfo|x64
		{0CEC8008-10C6-3E6A-96DC-20F4A31933E4}.RelWithDebInfo|x64.Build.0 = RelWithDebInfo|x64
		{93C110A4-CCF4-34D7-892D-F6DCAE21BA31}.Debug|x64.ActiveCfg = Debug|x64
		{93C110A4-CCF4-34D7-892D-F6DCAE21BA31}.Debug|x64.Build.0 = Debug|x64
		{93C110A4-CCF4-34D7-892D-F6DCAE21BA31}.Release|x64.ActiveCfg = Release|x64
		{93C110A4-CCF4-34D7-892D-F6DCAE21BA31}.Release|x64.Build.0 = Release|x64
		{93C110A4-CCF4-34D7-892D-F6DCAE21BA31}.MinSizeRel|x64.ActiveCfg = MinSizeRel|x64
		{93C110A4-CCF4-34D7-892D-F6DCAE21BA31}.MinSizeRel|x64.Build.0 = MinSizeRel|x64
		{93C110A4-CCF4-34D7-892D-F6DCAE21BA31}.RelWithDebInfo|x64.ActiveCfg = RelWithDebInfo|x64
		{93C110A4-CCF4-34D7-892D-F6DCAE21BA31}.RelWithDebInfo|x64.Build.0 = RelWithDebInfo|x64
		{2FB7C401-B363-334A-9ECD-9C1FE0E0FE71}.Debug|x64.ActiveCfg = Debug|x64
		{2FB7C401-B363-334A-9ECD-9C1FE0E0FE71}.Debug|x64.Build.0 = Debug|x64
		{2FB7C401-B363-334A-9ECD-9C1FE0E0FE71}.Release|x64.ActiveCfg = Release|x64
		{2FB7C401-B363-334A-9ECD-9C1FE0E0FE71}.Release|x64.Build.0 = Release|x64
		{2FB7C401-B363-334A-9ECD-9C1FE0E0FE71}.MinSizeRel|x64.ActiveCfg = MinSizeRel|x64
		{2FB7C401-B363-334A-9ECD-9C1FE0E0FE71}.MinSizeRel|x64.Build.0 = MinSizeRel|x64
		{2FB7C401-B363-334A-9ECD-9C1FE0E0FE71}.RelWithDebInfo|x64.ActiveCfg = RelWithDebInfo|x64
		{2FB7C401-B363-334A-9ECD-9C1FE0E0FE71}.RelWithDebInfo|x64.Build.0 = RelWithDebInfo|x64
		{3E1BEAC4-149E-3C9B-B40A-62A144611B56}.Debug|x64.ActiveCfg = Debug|x64
		{3E1BEAC4-149E-3C9B-B40A-62A144611B56}.Debug|x64.Build.0 = Debug|x64
		{3E1BEAC4-149E-3C9B-B40A-62A144611B56}.Release|x64.ActiveCfg = Release|x64
		{3E1BEAC4-149E-3C9B-B40A-62A144611B56}.Release|x64.Build.0 = Release|x64
		{3E1BEAC4-149E-3C9B-B40A-62A144611B56}.MinSizeRel|x64.ActiveCfg = MinSizeRel|x64
		{3E1BEAC4-149E-3C9B-B40A-62A144611B56}.MinSizeRel|x64.Build.0 = MinSizeRel|x64
		{3E1BEAC4-149E-3C9B-B40A-62A144611B56}.RelWithDebInfo|x64.ActiveCfg = RelWithDebInfo|x64
		{3E1BEAC4-149E-3C9B-B40A-62A144611B56}.RelWithDebInfo|x64.Build.0 = RelWithDebInfo|x64
		{CB359DFD-32DF-33EE-B56D-D5A6AE06ED43}.Debug|x64.ActiveCfg = Debug|x64
		{CB359DFD-32DF-33EE-B56D-D5A6AE06ED43}.Debug|x64.Build.0 = Debug|x64
		{CB359DFD-32DF-33EE-B56D-D5A6AE06ED43}.Release|x64.ActiveCfg = Release|x64
		{CB359DFD-32DF-33EE-B56D-D5A6AE06ED43}.Release|x64.Build.0 = Release|x64
		{CB359DFD-32DF-33EE-B56D-D5A6AE06ED43}.MinSizeRel|x64.ActiveCfg = MinSizeRel|x64
		{CB359DFD-32DF-33EE-B56D-D5A6AE06ED43}.MinSizeRel|x64.Build.0 = MinSizeRel|x64
		{CB359DFD-32DF-33EE-B56D-D5A6AE06ED43}.RelWithDebInfo|x64.ActiveCfg = RelWithDebInfo|x64
		{CB359DFD-32DF-33EE-B56D-D5A6AE06ED43}.RelWithDebInfo|x64.Build.0 = RelWithDebInfo|x64
		{A66F15B2-C410-3678-BD6B-137542B5E4C0}.Debug|x64.ActiveCfg = Debug|x64
		{A66F15B2-C410-3678-BD6B-137542B5E4C0}.Debug|x64.Build.0 = Debug|x64
		{A66F15B2-C410-3678-BD6B-137542B5E4C0}.Release|x64.ActiveCfg = Release|x64
		{A66F15B2-C410-3678-BD6B-137542B5E4C0}.Release|x64.Build.0 = Release|x64
		{A66F15B2-C410-3678-BD6B-137542B5E4C0}.MinSizeRel|x64.ActiveCfg = MinSizeRel|x64
		{A66F15B2-C410-3678-BD6B-137542B5E4C0}.MinSizeRel|x64.Build.0 = MinSizeRel|x64
		{A66F15B2-C410-3678-BD6B-137542B5E4C0}.RelWithDebInfo|x64.ActiveCfg = RelWithDebInfo|x64
		{A66F15B2-C410-3678-BD6B-137542B5E4C0}.RelWithDebInfo|x64.Build.0 = RelWithDebInfo|x64
		{355BCDDF-1B14-3709-A328-0ED814502200}.Debug|x64.ActiveCfg = Debug|x64
		{355BCDDF-1B14-3709-A328-0ED814502200}.Debug|x64.Build.0 = Debug|x64
		{355BCDDF-1B14-3709-A328-0ED814502200}.Release|x64.ActiveCfg = Release|x64
		{355BCDDF-1B14-3709-A328-0ED814502200}.Release|x64.Build.0 = Release|x64
		{355BCDDF-1B14-3709-A328-0ED814502200}.MinSizeRel|x64.ActiveCfg = MinSizeRel|x64
		{355BCDDF-1B14-3709-A328-0ED814502200}.MinSizeRel|x64.Build.0 = MinSizeRel|x64
		{355BCDDF-1B14-3709-A328-0ED814502200}.RelWithDebInfo|x64.ActiveCfg = RelWithDebInfo|x64
		{355BCDDF-1B14-3709-A328-0ED814502200}.RelWithDebInfo|x64.Build.0 = RelWithDebInfo|x64
		{2EB45A90-20CA-3FD7-BC46-109AEFD2C3C4}.Debug|x64.ActiveCfg = Debug|x64
		{2EB45A90-20CA-3FD7-BC46-109AEFD2C3C4}.Debug|x64.Build.0 = Debug|x64
		{2EB45A90-20CA-3FD7-BC46-109AEFD2C3C4}.Release|x64.ActiveCfg = Release|x64
		{2EB45A90-20CA-3FD7-BC46-109AEFD2C3C4}.Release|x64.Build.0 = Release|x64
		{2EB45A90-20CA-3FD7-BC46-109AEFD2C3C4}.MinSizeRel|x64.ActiveCfg = MinSizeRel|x64
		{2EB45A90-20CA-3FD7-BC46-109AEFD2C3C4}.MinSizeRel|x64.Build.0 = MinSizeRel|x64
		{2EB45A90-20CA-3FD7-BC46-109AEFD2C3C4}.RelWithDebInfo|x64.ActiveCfg = RelWithDebInfo|x64
		{2EB45A90-20CA-3FD7-BC46-109AEFD2C3C4}.RelWithDebInfo|x64.Build.0 = RelWithDebInfo|x64
		{F61F7586-91DE-30D3-8C16-0ED2C5F2E146}.Debug|x64.ActiveCfg = Debug|x64
		{F61F7586-91DE-30D3-8C16-0ED2C5F2E146}.Debug|x64.Build.0 = Debug|x64
		{F61F7586-91DE-30D3-8C16-0ED2C5F2E146}.Release|x64.ActiveCfg = Release|x64
		{F61F7586-91DE-30D3-8C16-0ED2C5F2E146}.Release|x64.Build.0 = Release|x64
		{F61F7586-91DE-30D3-8C16-0ED2C5F2E146}.MinSizeRel|x64.ActiveCfg = MinSizeRel|x64
		{F61F7586-91DE-30D3-8C16-0ED2C5F2E146}.MinSizeRel|x64.Build.0 = MinSizeRel|x64
		{F61F7586-91DE-30D3-8C16-0ED2C5F2E146}.RelWithDebInfo|x64.ActiveCfg = RelWithDebInfo|x64
		{F61F7586-91DE-30D3-8C16-0ED2C5F2E146}.RelWithDebInfo|x64.Build.0 = RelWithDebInfo|x64
		{8325651D-4653-30BA-8297-AD156AFFBE43}.Debug|x64.ActiveCfg = Debug|x64
		{8325651D-4653-30BA-8297-AD156AFFBE43}.Debug|x64.Build.0 = Debug|x64
		{8325651D-4653-30BA-8297-AD156AFFBE43}.Release|x64.ActiveCfg = Release|x64
		{8325651D-4653-30BA-8297-AD156AFFBE43}.Release|x64.Build.0 = Release|x64
		{8325651D-4653-30BA-8297-AD156AFFBE43}.MinSizeRel|x64.ActiveCfg = MinSizeRel|x64
		{8325651D-4653-30BA-8297-AD156AFFBE43}.MinSizeRel|x64.Build.0 = MinSizeRel|x64
		{8325651D-4653-30BA-8297-AD156AFFBE43}.RelWithDebInfo|x64.ActiveCfg = RelWithDebInfo|x64
		{8325651D-4653-30BA-8297-AD156AFFBE43}.RelWithDebInfo|x64.Build.0 = RelWithDebInfo|x64
		{BF4D7C13-FEB4-3160-8754-A7E4719274DD}.Debug|x64.ActiveCfg = Debug|x64
		{BF4D7C13-FEB4-3160-8754-A7E4719274DD}.Debug|x64.Build.0 = Debug|x64
		{BF4D7C13-FEB4-3160-8754-A7E4719274DD}.Release|x64.ActiveCfg = Release|x64
		{BF4D7C13-FEB4-3160-8754-A7E4719274DD}.Release|x64.Build.0 = Release|x64
		{BF4D7C13-FEB4-3160-8754-A7E4719274DD}.MinSizeRel|x64.ActiveCfg = MinSizeRel|x64
		{BF4D7C13-FEB4-3160-8754-A7E4719274DD}.MinSizeRel|x64.Build.0 = MinSizeRel|x64
		{BF4D7C13-FEB4-3160-8754-A7E4719274DD}.RelWithDebInfo|x64.ActiveCfg = RelWithDebInfo|x64
		{BF4D7C13-FEB4-3160-8754-A7E4719274DD}.RelWithDebInfo|x64.Build.0 = RelWithDebInfo|x64
		{A8A56629-81B8-3881-AF42-6DFEAEB987EE}.Debug|x64.ActiveCfg = Debug|x64
		{A8A56629-81B8-3881-AF42-6DFEAEB987EE}.Debug|x64.Build.0 = Debug|x64
		{A8A56629-81B8-3881-AF42-6DFEAEB987EE}.Release|x64.ActiveCfg = Release|x64
		{A8A56629-81B8-3881-AF42-6DFEAEB987EE}.Release|x64.Build.0 = Release|x64
		{A8A56629-81B8-3881-AF42-6DFEAEB987EE}.MinSizeRel|x64.ActiveCfg = MinSizeRel|x64
		{A8A56629-81B8-3881-AF42-6DFEAEB987EE}.MinSizeRel|x64.Build.0 = MinSizeRel|x64
		{A8A56629-81B8-3881-AF42-6DFEAEB987EE}.RelWithDebInfo|x64.ActiveCfg = RelWithDebInfo|x64
		{A8A56629-81B8-3881-AF42-6DFEAEB987EE}.RelWithDebInfo|x64.Build.0 = RelWithDebInfo|x64
		{8E225740-8643-34B7-A6AE-D829CDD2D01E}.Debug|x64.ActiveCfg = Debug|x64
		{8E225740-8643-34B7-A6AE-D829CDD2D01E}.Debug|x64.Build.0 = Debug|x64
		{8E225740-8643-34B7-A6AE-D829CDD2D01E}.Release|x64.ActiveCfg = Release|x64
		{8E225740-8643-34B7-A6AE-D829CDD2D01E}.Release|x64.Build.0 = Release|x64
		{8E225740-8643-34B7-A6AE-D829CDD2D01E}.MinSizeRel|x64.ActiveCfg = MinSizeRel|x64
		{8E225740-8643-34B7-A6AE-D829CDD2D01E}.MinSizeRel|x64.Build.0 = MinSizeRel|x64
		{8E225740-8643-34B7-A6AE-D829CDD2D01E}.RelWithDebInfo|x64.ActiveCfg = RelWithDebInfo|x64
		{8E225740-8643-34B7-A6AE-D829CDD2D01E}.RelWithDebInfo|x64.Build.0 = RelWithDebInfo|x64
		{40E2EAAF-D36F-3D98-A479-AD2139D92AF8}.Debug|x64.ActiveCfg = Debug|x64
		{40E2EAAF-D36F-3D98-A479-AD2139D92AF8}.Debug|x64.Build.0 = Debug|x64
		{40E2EAAF-D36F-3D98-A479-AD2139D92AF8}.Release|x64.ActiveCfg = Release|x64
		{40E2EAAF-D36F-3D98-A479-AD2139D92AF8}.Release|x64.Build.0 = Release|x64
		{40E2EAAF-D36F-3D98-A479-AD2139D92AF8}.MinSizeRel|x64.ActiveCfg = MinSizeRel|x64
		{40E2EAAF-D36F-3D98-A479-AD2139D92AF8}.MinSizeRel|x64.Build.0 = MinSizeRel|x64
		{40E2EAAF-D36F-3D98-A479-AD2139D92AF8}.RelWithDebInfo|x64.ActiveCfg = RelWithDebInfo|x64
		{40E2EAAF-D36F-3D98-A479-AD2139D92AF8}.RelWithDebInfo|x64.Build.0 = RelWithDebInfo|x64
		{5E089A32-4F7B-354A-B9B1-8AEF56A2A8A2}.Debug|x64.ActiveCfg = Debug|x64
		{5E089A32-4F7B-354A-B9B1-8AEF56A2A8A2}.Debug|x64.Build.0 = Debug|x64
		{5E089A32-4F7B-354A-B9B1-8AEF56A2A8A2}.Release|x64.ActiveCfg = Release|x64
		{5E089A32-4F7B-354A-B9B1-8AEF56A2A8A2}.Release|x64.Build.0 = Release|x64
		{5E089A32-4F7B-354A-B9B1-8AEF56A2A8A2}.MinSizeRel|x64.ActiveCfg = MinSizeRel|x64
		{5E089A32-4F7B-354A-B9B1-8AEF56A2A8A2}.MinSizeRel|x64.Build.0 = MinSizeRel|x64
		{5E089A32-4F7B-354A-B9B1-8AEF56A2A8A2}.RelWithDebInfo|x64.ActiveCfg = RelWithDebInfo|x64
		{5E089A32-4F7B-354A-B9B1-8AEF56A2A8A2}.RelWithDebInfo|x64.Build.0 = RelWithDebInfo|x64
		{A7BD8195-E9B5-3237-AB46-8148E39C4213}.Debug|x64.ActiveCfg = Debug|x64
		{A7BD8195-E9B5-3237-AB46-8148E39C4213}.Debug|x64.Build.0 = Debug|x64
		{A7BD8195-E9B5-3237-AB46-8148E39C4213}.Release|x64.ActiveCfg = Release|x64
		{A7BD8195-E9B5-3237-AB46-8148E39C4213}.Release|x64.Build.0 = Release|x64
		{A7BD8195-E9B5-3237-AB46-8148E39C4213}.MinSizeRel|x64.ActiveCfg = MinSizeRel|x64
		{A7BD8195-E9B5-3237-AB46-8148E39C4213}.MinSizeRel|x64.Build.0 = MinSizeRel|x64
		{A7BD8195-E9B5-3237-AB46-8148E39C4213}.RelWithDebInfo|x64.ActiveCfg = RelWithDebInfo|x64
		{A7BD8195-E9B5-3237-AB46-8148E39C4213}.RelWithDebInfo|x64.Build.0 = RelWithDebInfo|x64
		{7A59DAAA-F1DE-3C24-B032-4168CE2BCCE9}.Debug|x64.ActiveCfg = Debug|x64
		{7A59DAAA-F1DE-3C24-B032-4168CE2BCCE9}.Debug|x64.Build.0 = Debug|x64
		{7A59DAAA-F1DE-3C24-B032-4168CE2BCCE9}.Release|x64.ActiveCfg = Release|x64
		{7A59DAAA-F1DE-3C24-B032-4168CE2BCCE9}.Release|x64.Build.0 = Release|x64
		{7A59DAAA-F1DE-3C24-B032-4168CE2BCCE9}.MinSizeRel|x64.ActiveCfg = MinSizeRel|x64
		{7A59DAAA-F1DE-3C24-B032-4168CE2BCCE9}.MinSizeRel|x64.Build.0 = MinSizeRel|x64
		{7A59DAAA-F1DE-3C24-B032-4168CE2BCCE9}.RelWithDebInfo|x64.ActiveCfg = RelWithDebInfo|x64
		{7A59DAAA-F1DE-3C24-B032-4168CE2BCCE9}.RelWithDebInfo|x64.Build.0 = RelWithDebInfo|x64
		{2F2D4CEC-1731-30E4-8399-8A3E4B25E710}.Debug|x64.ActiveCfg = Debug|x64
		{2F2D4CEC-1731-30E4-8399-8A3E4B25E710}.Debug|x64.Build.0 = Debug|x64
		{2F2D4CEC-1731-30E4-8399-8A3E4B25E710}.Release|x64.ActiveCfg = Release|x64
		{2F2D4CEC-1731-30E4-8399-8A3E4B25E710}.Release|x64.Build.0 = Release|x64
		{2F2D4CEC-1731-30E4-8399-8A3E4B25E710}.MinSizeRel|x64.ActiveCfg = MinSizeRel|x64
		{2F2D4CEC-1731-30E4-8399-8A3E4B25E710}.MinSizeRel|x64.Build.0 = MinSizeRel|x64
		{2F2D4CEC-1731-30E4-8399-8A3E4B25E710}.RelWithDebInfo|x64.ActiveCfg = RelWithDebInfo|x64
		{2F2D4CEC-1731-30E4-8399-8A3E4B25E710}.RelWithDebInfo|x64.Build.0 = RelWithDebInfo|x64
		{FA1DBAA5-D88F-3AD6-A119-8252791579E0}.Debug|x64.ActiveCfg = Debug|x64
		{FA1DBAA5-D88F-3AD6-A119-8252791579E0}.Debug|x64.Build.0 = Debug|x64
		{FA1DBAA5-D88F-3AD6-A119-8252791579E0}.Release|x64.ActiveCfg = Release|x64
		{FA1DBAA5-D88F-3AD6-A119-8252791579E0}.Release|x64.Build.0 = Release|x64
		{FA1DBAA5-D88F-3AD6-A119-8252791579E0}.MinSizeRel|x64.ActiveCfg = MinSizeRel|x64
		{FA1DBAA5-D88F-3AD6-A119-8252791579E0}.MinSizeRel|x64.Build.0 = MinSizeRel|x64
		{FA1DBAA5-D88F-3AD6-A119-8252791579E0}.RelWithDebInfo|x64.ActiveCfg = RelWithDebInfo|x64
		{FA1DBAA5-D88F-3AD6-A119-8252791579E0}.RelWithDebInfo|x64.Build.0 = RelWithDebInfo|x64
	EndGlobalSection
	GlobalSection(ExtensibilityGlobals) = postSolution
		SolutionGuid = {AB6D1EDB-A446-39C6-AB3D-C9F4CC6BCD57}
	EndGlobalSection
	GlobalSection(ExtensibilityAddIns) = postSolution
	EndGlobalSection
EndGlobal
