<?xml version="1.0" encoding="utf-8"?>
<Project ToolsVersion="16.0" xmlns="http://schemas.microsoft.com/developer/msbuild/2003">
  <ItemGroup>
    <ClCompile Include="D:\optix6.5\SDK\optixConsole\optixConsole.cpp">
      <Filter>Source Files</Filter>
    </ClCompile>
  </ItemGroup>
  <ItemGroup>
    <ClInclude Include="D:\optix6.5\SDK\optixConsole\common.h">
      <Filter>Header Files</Filter>
    </ClInclude>
    <ClInclude Include="D:\optix6.5\SDK\optixConsole\helpers.h">
      <Filter>Header Files</Filter>
    </ClInclude>
    <ClInclude Include="D:\optix6.5\SDK\optixConsole\phong.h">
      <Filter>Header Files</Filter>
    </ClInclude>
  </ItemGroup>
  <ItemGroup>
    <CustomBuild Include="D:\optix6.5\SDK\optixConsole\CMakeLists.txt" />
  </ItemGroup>
  <ItemGroup>
    <None Include="D:\optix6.5\SDK\optixConsole\checker.cu">
      <Filter>CUDA Files</Filter>
    </None>
    <None Include="D:\optix6.5\SDK\optixConsole\constantbg.cu">
      <Filter>CUDA Files</Filter>
    </None>
    <None Include="D:\optix6.5\SDK\optixConsole\parallelogram.cu">
      <Filter>CUDA Files</Filter>
    </None>
    <None Include="D:\optix6.5\SDK\optixConsole\phong.cu">
      <Filter>CUDA Files</Filter>
    </None>
    <None Include="D:\optix6.5\SDK\optixConsole\pinhole_camera.cu">
      <Filter>CUDA Files</Filter>
    </None>
    <None Include="D:\optix6.5\SDK\optixConsole\sphere.cu">
      <Filter>CUDA Files</Filter>
    </None>
  </ItemGroup>
  <ItemGroup>
    <Filter Include="CUDA Files">
      <UniqueIdentifier>{D302A98A-6A7C-31AB-A7D3-C3B06FA2018D}</UniqueIdentifier>
    </Filter>
    <Filter Include="Header Files">
      <UniqueIdentifier>{89CC3F3F-D784-3A41-A974-FAA11240C831}</UniqueIdentifier>
    </Filter>
    <Filter Include="Source Files">
      <UniqueIdentifier>{7E0834FF-CF65-3EB3-9676-A99085FA6011}</UniqueIdentifier>
    </Filter>
  </ItemGroup>
</Project>
