<?xml version="1.0" encoding="utf-8"?>
<Project ToolsVersion="16.0" xmlns="http://schemas.microsoft.com/developer/msbuild/2003">
  <ItemGroup>
    <ClCompile Include="D:\optix6.5\SDK\sutil\rply-1.01\rply.c">
      <Filter>Source Files</Filter>
    </ClCompile>
    <ClCompile Include="D:\optix6.5\SDK\sutil\Arcball.cpp">
      <Filter>Source Files</Filter>
    </ClCompile>
    <ClCompile Include="D:\optix6.5\SDK\sutil\HDRLoader.cpp">
      <Filter>Source Files</Filter>
    </ClCompile>
    <ClCompile Include="D:\optix6.5\SDK\sutil\Mesh.cpp">
      <Filter>Source Files</Filter>
    </ClCompile>
    <ClCompile Include="D:\optix6.5\SDK\sutil\OptiXMesh.cpp">
      <Filter>Source Files</Filter>
    </ClCompile>
    <ClCompile Include="D:\optix6.5\SDK\sutil\PPMLoader.cpp">
      <Filter>Source Files</Filter>
    </ClCompile>
    <ClCompile Include="D:\optix6.5\SDK\sutil\sutil.cpp">
      <Filter>Source Files</Filter>
    </ClCompile>
    <ClCompile Include="D:\optix6.5\SDK\sutil\tinyobjloader\tiny_obj_loader.cc">
      <Filter>Source Files</Filter>
    </ClCompile>
    <ClCompile Include="D:\optix6.5\SDK\sutil\glew.c">
      <Filter>Source Files</Filter>
    </ClCompile>
  </ItemGroup>
  <ItemGroup>
    <ClInclude Include="D:\optix6.5\SDK\cuda\common.h">
      <Filter>Header Files</Filter>
    </ClInclude>
    <ClInclude Include="D:\optix6.5\SDK\cuda\helpers.h">
      <Filter>Header Files</Filter>
    </ClInclude>
    <ClInclude Include="D:\optix6.5\SDK\cuda\intersection_refinement.h">
      <Filter>Header Files</Filter>
    </ClInclude>
    <ClInclude Include="D:\optix6.5\SDK\cuda\phong.h">
      <Filter>Header Files</Filter>
    </ClInclude>
    <ClInclude Include="D:\optix6.5\SDK\cuda\random.h">
      <Filter>Header Files</Filter>
    </ClInclude>
    <ClInclude Include="D:\optix6.5\SDK\sutil\rply-1.01\rply.h">
      <Filter>Header Files</Filter>
    </ClInclude>
    <ClInclude Include="D:\optix6.5\SDK\sutil\Arcball.h">
      <Filter>Header Files</Filter>
    </ClInclude>
    <ClInclude Include="D:\optix6.5\SDK\sutil\HDRLoader.h">
      <Filter>Header Files</Filter>
    </ClInclude>
    <ClInclude Include="D:\optix6.5\SDK\sutil\Mesh.h">
      <Filter>Header Files</Filter>
    </ClInclude>
    <ClInclude Include="D:\optix6.5\SDK\sutil\OptiXMesh.h">
      <Filter>Header Files</Filter>
    </ClInclude>
    <ClInclude Include="D:\optix6.5\SDK\sutil\PPMLoader.h">
      <Filter>Header Files</Filter>
    </ClInclude>
    <ClInclude Include="D:\optix6.5\SDK\sampleConfig.h">
      <Filter>Header Files</Filter>
    </ClInclude>
    <ClInclude Include="D:\optix6.5\SDK\sutil\sutil.h">
      <Filter>Header Files</Filter>
    </ClInclude>
    <ClInclude Include="D:\optix6.5\SDK\sutil\sutilapi.h">
      <Filter>Header Files</Filter>
    </ClInclude>
    <ClInclude Include="D:\optix6.5\SDK\sutil\tinyobjloader\tiny_obj_loader.h">
      <Filter>Header Files</Filter>
    </ClInclude>
    <ClInclude Include="D:\optix6.5\SDK\sutil\GL\glew.h">
      <Filter>Header Files</Filter>
    </ClInclude>
    <ClInclude Include="D:\optix6.5\SDK\sutil\GL\wglew.h">
      <Filter>Header Files</Filter>
    </ClInclude>
  </ItemGroup>
  <ItemGroup>
    <CustomBuild Include="D:\optix6.5\SDK\sutil\CMakeLists.txt" />
  </ItemGroup>
  <ItemGroup>
    <None Include="D:\optix6.5\SDK\cuda\phong.cu">
      <Filter>Source Files</Filter>
    </None>
    <None Include="D:\optix6.5\SDK\cuda\triangle_mesh.cu">
      <Filter>Source Files</Filter>
    </None>
  </ItemGroup>
  <ItemGroup>
    <Filter Include="Header Files">
      <UniqueIdentifier>{89CC3F3F-D784-3A41-A974-FAA11240C831}</UniqueIdentifier>
    </Filter>
    <Filter Include="Source Files">
      <UniqueIdentifier>{7E0834FF-CF65-3EB3-9676-A99085FA6011}</UniqueIdentifier>
    </Filter>
  </ItemGroup>
</Project>
